
Microsoft Visual Studio Solution File, Format Version 12.00
# Visual Studio Version 17
VisualStudioVersion = 17.8.34316.72
MinimumVisualStudioVersion = 10.0.40219.1
Project("{FAE04EC0-301F-11D3-BF4B-00C04F79EFBC}") = "Number pattern program-4", "Number pattern program-4.csproj", "{9B6233F8-48FF-4936-9ECE-C51FF7129724}"
EndProject
Global
	GlobalSection(SolutionConfigurationPlatforms) = preSolution
		Debug|Any CPU = Debug|Any CPU
		Release|Any CPU = Release|Any CPU
	EndGlobalSection
	GlobalSection(ProjectConfigurationPlatforms) = postSolution
		{9B6233F8-48FF-4936-9ECE-C51FF7129724}.Debug|Any CPU.ActiveCfg = Debug|Any CPU
		{9B6233F8-48FF-4936-9ECE-C51FF7129724}.Debug|Any CPU.Build.0 = Debug|Any CPU
		{9B6233F8-48FF-4936-9ECE-C51FF7129724}.Release|Any CPU.ActiveCfg = Release|Any CPU
		{9B6233F8-48FF-4936-9ECE-C51FF7129724}.Release|Any CPU.Build.0 = Release|Any CPU
	EndGlobalSection
	GlobalSection(SolutionProperties) = preSolution
		HideSolutionNode = FALSE
	EndGlobalSection
	GlobalSection(ExtensibilityGlobals) = postSolution
		SolutionGuid = {998CD1A7-48DE-4487-BC71-E3D70C681CCF}
	EndGlobalSection
EndGlobal
